
Microsoft Visual Studio Solution File, Format Version 12.00
# Visual Studio Version 17
VisualStudioVersion = 17.0.31912.275
MinimumVisualStudioVersion = 10.0.40219.1
Project("{FAE04EC0-301F-11D3-BF4B-00C04F79EFBC}") = "MobilePhoneShop", "MobilePhoneShop\MobilePhoneShop.csproj", "{9D9A890B-553D-411E-A54E-F0958E73C4D3}"
EndProject
Global
	GlobalSection(SolutionConfigurationPlatforms) = preSolution
		Debug|Any CPU = Debug|Any CPU
		Release|Any CPU = Release|Any CPU
	EndGlobalSection
	GlobalSection(ProjectConfigurationPlatforms) = postSolution
		{9D9A890B-553D-411E-A54E-F0958E73C4D3}.Debug|Any CPU.ActiveCfg = Debug|Any CPU
		{9D9A890B-553D-411E-A54E-F0958E73C4D3}.Debug|Any CPU.Build.0 = Debug|Any CPU
		{9D9A890B-553D-411E-A54E-F0958E73C4D3}.Release|Any CPU.ActiveCfg = Release|Any CPU
		{9D9A890B-553D-411E-A54E-F0958E73C4D3}.Release|Any CPU.Build.0 = Release|Any CPU
	EndGlobalSection
	GlobalSection(SolutionProperties) = preSolution
		HideSolutionNode = FALSE
	EndGlobalSection
	GlobalSection(ExtensibilityGlobals) = postSolution
		SolutionGuid = {BAFF8B4B-3C49-4F65-BA13-C0E88C479B71}
	EndGlobalSection
EndGlobal
